
Microsoft Visual Studio Solution File, Format Version 12.00
# Visual Studio Version 16
VisualStudioVersion = 16.0.31702.278
MinimumVisualStudioVersion = 10.0.40219.1
Project("{FAE04EC0-301F-11D3-BF4B-00C04F79EFBC}") = "Day15Assignment", "Day15Assignment.csproj", "{67B08669-B0B0-4793-A8EB-C32D66B21AD4}"
EndProject
Project("{FAE04EC0-301F-11D3-BF4B-00C04F79EFBC}") = "Day15BinarySearchTreeproblems", "..\Day15BinarySearchTreeproblems\Day15BinarySearchTreeproblems.csproj", "{D0F1CCEE-5720-4144-A8B0-B9D8CE13EFA2}"
EndProject
Global
	GlobalSection(SolutionConfigurationPlatforms) = preSolution
		Debug|Any CPU = Debug|Any CPU
		Release|Any CPU = Release|Any CPU
	EndGlobalSection
	GlobalSection(ProjectConfigurationPlatforms) = postSolution
		{67B08669-B0B0-4793-A8EB-C32D66B21AD4}.Debug|Any CPU.ActiveCfg = Debug|Any CPU
		{67B08669-B0B0-4793-A8EB-C32D66B21AD4}.Debug|Any CPU.Build.0 = Debug|Any CPU
		{67B08669-B0B0-4793-A8EB-C32D66B21AD4}.Release|Any CPU.ActiveCfg = Release|Any CPU
		{67B08669-B0B0-4793-A8EB-C32D66B21AD4}.Release|Any CPU.Build.0 = Release|Any CPU
		{D0F1CCEE-5720-4144-A8B0-B9D8CE13EFA2}.Debug|Any CPU.ActiveCfg = Debug|Any CPU
		{D0F1CCEE-5720-4144-A8B0-B9D8CE13EFA2}.Debug|Any CPU.Build.0 = Debug|Any CPU
		{D0F1CCEE-5720-4144-A8B0-B9D8CE13EFA2}.Release|Any CPU.ActiveCfg = Release|Any CPU
		{D0F1CCEE-5720-4144-A8B0-B9D8CE13EFA2}.Release|Any CPU.Build.0 = Release|Any CPU
	EndGlobalSection
	GlobalSection(SolutionProperties) = preSolution
		HideSolutionNode = FALSE
	EndGlobalSection
	GlobalSection(ExtensibilityGlobals) = postSolution
		SolutionGuid = {D1C0976A-B2BF-4268-8B4C-1CAB84DF83BA}
	EndGlobalSection
EndGlobal
